{
  "name": "classes",
  "version": "1.0.0",
  "lockfileVersion": 3,
  "requires": true,
  "packages": {
    "": {
      "name": "classes",
      "version": "1.0.0",
      "license": "ISC",
      "dependencies": {
        "helpful-decorators": "^2.1.0"
      }
    },
    "node_modules/helpful-decorators": {
      "version": "2.1.0",
      "resolved": "https://registry.npmjs.org/helpful-decorators/-/helpful-decorators-2.1.0.tgz",
      "integrity": "sha512-RiJEDqSD5c7zmNbx0EgcOvHMOu793Q5M51Q8lS+EHtBmxVE89s95ScMg0bLmLqMl2mA+JEU6WfXkyGLcdYb0wg==",
      "dependencies": {
        "lodash.debounce": "4.0.8",
        "lodash.delay": "4.1.1",
        "lodash.memoize": "4.1.2",
        "lodash.once": "4.1.1",
        "lodash.throttle": "4.1.1"
      }
    },
    "node_modules/lodash.debounce": {
      "version": "4.0.8",
      "resolved": "https://registry.npmjs.org/lodash.debounce/-/lodash.debounce-4.0.8.tgz",
      "integrity": "sha512-FT1yDzDYEoYWhnSGnpE/4Kj1fLZkDFyqRb7fNt6FdYOSxlUWAtp42Eh6Wb0rGIv/m9Bgo7x4GhQbm5Ys4SG5ow=="
    },
    "node_modules/lodash.delay": {
      "version": "4.1.1",
      "resolved": "https://registry.npmjs.org/lodash.delay/-/lodash.delay-4.1.1.tgz",
      "integrity": "sha512-HDMACn/aGuz6PNBbzf2V9FKL/Rb2Vv+hSEvicdZA4JAT5o5m0rbQn4Xw62VdTzG2HRu74PInzku98fz8GQlNJg=="
    },
    "node_modules/lodash.memoize": {
      "version": "4.1.2",
      "resolved": "https://registry.npmjs.org/lodash.memoize/-/lodash.memoize-4.1.2.tgz",
      "integrity": "sha512-t7j+NzmgnQzTAYXcsHYLgimltOV1MXHtlOWf6GjL9Kj8GK5FInw5JotxvbOs+IvV1/Dzo04/fCGfLVs7aXb4Ag=="
    },
    "node_modules/lodash.once": {
      "version": "4.1.1",
      "resolved": "https://registry.npmjs.org/lodash.once/-/lodash.once-4.1.1.tgz",
      "integrity": "sha512-Sb487aTOCr9drQVL8pIxOzVhafOjZN9UU54hiN8PU3uAiSV7lx1yYNpbNmex2PK6dSJoNTSJUUswT651yww3Mg=="
    },
    "node_modules/lodash.throttle": {
      "version": "4.1.1",
      "resolved": "https://registry.npmjs.org/lodash.throttle/-/lodash.throttle-4.1.1.tgz",
      "integrity": "sha512-wIkUCfVKpVsWo3JSZlc+8MB5it+2AN5W8J7YVMST30UrvcQNZ1Okbj+rbVniijTWE6FGYy4XJq/rHkas8qJMLQ=="
    }
  }
}
